
Microsoft Visual Studio Solution File, Format Version 12.00
# Visual Studio Version 16
VisualStudioVersion = 16.0.29519.181
MinimumVisualStudioVersion = 10.0.40219.1
Project("{FAE04EC0-301F-11D3-BF4B-00C04F79EFBC}") = "WebShop", "WebShop.csproj", "{5EFEA057-C99E-48DC-BEA4-01FD82FF23C6}"
EndProject
Global
	GlobalSection(SolutionConfigurationPlatforms) = preSolution
		Debug|Any CPU = Debug|Any CPU
		Release|Any CPU = Release|Any CPU
	EndGlobalSection
	GlobalSection(ProjectConfigurationPlatforms) = postSolution
		{5EFEA057-C99E-48DC-BEA4-01FD82FF23C6}.Debug|Any CPU.ActiveCfg = Debug|Any CPU
		{5EFEA057-C99E-48DC-BEA4-01FD82FF23C6}.Debug|Any CPU.Build.0 = Debug|Any CPU
		{5EFEA057-C99E-48DC-BEA4-01FD82FF23C6}.Release|Any CPU.ActiveCfg = Release|Any CPU
		{5EFEA057-C99E-48DC-BEA4-01FD82FF23C6}.Release|Any CPU.Build.0 = Release|Any CPU
	EndGlobalSection
	GlobalSection(SolutionProperties) = preSolution
		HideSolutionNode = FALSE
	EndGlobalSection
	GlobalSection(ExtensibilityGlobals) = postSolution
		SolutionGuid = {5464E5E0-F162-49EC-99C7-070B93D49283}
	EndGlobalSection
EndGlobal
